
Microsoft Visual Studio Solution File, Format Version 12.00
# Visual Studio Version 17
VisualStudioVersion = 17.10.35122.118
MinimumVisualStudioVersion = 10.0.40219.1
Project("{FAE04EC0-301F-11D3-BF4B-00C04F79EFBC}") = "TesterCore", "TesterCore.csproj", "{F929AA25-4DB6-4DC7-A9F1-9E965A2336DA}"
EndProject
Project("{FAE04EC0-301F-11D3-BF4B-00C04F79EFBC}") = "TesterMsTest", "..\TesterMsTest\TesterMsTest.csproj", "{995C83AB-5E31-4FD5-B8D7-2E6ACE8A07E0}"
EndProject
Project("{FAE04EC0-301F-11D3-BF4B-00C04F79EFBC}") = "TesterXunit", "..\TesterXunit\TesterXunit.csproj", "{F646E0A8-51AA-44DF-BE85-88B5B93FE4C4}"
EndProject
Global
	GlobalSection(SolutionConfigurationPlatforms) = preSolution
		Debug|Any CPU = Debug|Any CPU
		Release|Any CPU = Release|Any CPU
	EndGlobalSection
	GlobalSection(ProjectConfigurationPlatforms) = postSolution
		{F929AA25-4DB6-4DC7-A9F1-9E965A2336DA}.Debug|Any CPU.ActiveCfg = Debug|Any CPU
		{F929AA25-4DB6-4DC7-A9F1-9E965A2336DA}.Debug|Any CPU.Build.0 = Debug|Any CPU
		{F929AA25-4DB6-4DC7-A9F1-9E965A2336DA}.Release|Any CPU.ActiveCfg = Release|Any CPU
		{F929AA25-4DB6-4DC7-A9F1-9E965A2336DA}.Release|Any CPU.Build.0 = Release|Any CPU
		{995C83AB-5E31-4FD5-B8D7-2E6ACE8A07E0}.Debug|Any CPU.ActiveCfg = Debug|Any CPU
		{995C83AB-5E31-4FD5-B8D7-2E6ACE8A07E0}.Debug|Any CPU.Build.0 = Debug|Any CPU
		{995C83AB-5E31-4FD5-B8D7-2E6ACE8A07E0}.Release|Any CPU.ActiveCfg = Release|Any CPU
		{995C83AB-5E31-4FD5-B8D7-2E6ACE8A07E0}.Release|Any CPU.Build.0 = Release|Any CPU
		{F646E0A8-51AA-44DF-BE85-88B5B93FE4C4}.Debug|Any CPU.ActiveCfg = Debug|Any CPU
		{F646E0A8-51AA-44DF-BE85-88B5B93FE4C4}.Debug|Any CPU.Build.0 = Debug|Any CPU
		{F646E0A8-51AA-44DF-BE85-88B5B93FE4C4}.Release|Any CPU.ActiveCfg = Release|Any CPU
		{F646E0A8-51AA-44DF-BE85-88B5B93FE4C4}.Release|Any CPU.Build.0 = Release|Any CPU
	EndGlobalSection
	GlobalSection(SolutionProperties) = preSolution
		HideSolutionNode = FALSE
	EndGlobalSection
	GlobalSection(ExtensibilityGlobals) = postSolution
		SolutionGuid = {E4150206-B9A7-4ECB-AAB2-7F814786E9BA}
	EndGlobalSection
EndGlobal
